
Microsoft Visual Studio Solution File, Format Version 12.00
# Visual Studio Version 16
VisualStudioVersion = 16.0.29806.167
MinimumVisualStudioVersion = 10.0.40219.1
Project("{FAE04EC0-301F-11D3-BF4B-00C04F79EFBC}") = "Secao09", "Secao09\Secao09.csproj", "{BECFEEB5-FDD5-481F-9FF5-7EA5099E297E}"
EndProject
Global
	GlobalSection(SolutionConfigurationPlatforms) = preSolution
		Debug|Any CPU = Debug|Any CPU
		Release|Any CPU = Release|Any CPU
	EndGlobalSection
	GlobalSection(ProjectConfigurationPlatforms) = postSolution
		{BECFEEB5-FDD5-481F-9FF5-7EA5099E297E}.Debug|Any CPU.ActiveCfg = Debug|Any CPU
		{BECFEEB5-FDD5-481F-9FF5-7EA5099E297E}.Debug|Any CPU.Build.0 = Debug|Any CPU
		{BECFEEB5-FDD5-481F-9FF5-7EA5099E297E}.Release|Any CPU.ActiveCfg = Release|Any CPU
		{BECFEEB5-FDD5-481F-9FF5-7EA5099E297E}.Release|Any CPU.Build.0 = Release|Any CPU
	EndGlobalSection
	GlobalSection(SolutionProperties) = preSolution
		HideSolutionNode = FALSE
	EndGlobalSection
	GlobalSection(ExtensibilityGlobals) = postSolution
		SolutionGuid = {C910DF49-6EC1-4BB5-8D0A-DE1E1E5EDFE2}
	EndGlobalSection
EndGlobal
